
Microsoft Visual Studio Solution File, Format Version 11.00
# Visual Studio 2010
Project("{FAE04EC0-301F-11D3-BF4B-00C04F79EFBC}") = "RuedaBall", "Assembly-CSharp.csproj", "{48A57154-4D26-2434-7D8F-215E0444230C}"
EndProject
Global
	GlobalSection(SolutionConfigurationPlatforms) = preSolution
		Debug|Any CPU = Debug|Any CPU
		Release|Any CPU = Release|Any CPU
	EndGlobalSection
	GlobalSection(ProjectConfigurationPlatforms) = postSolution
		{48A57154-4D26-2434-7D8F-215E0444230C}.Debug|Any CPU.ActiveCfg = Debug|Any CPU
		{48A57154-4D26-2434-7D8F-215E0444230C}.Debug|Any CPU.Build.0 = Debug|Any CPU
		{48A57154-4D26-2434-7D8F-215E0444230C}.Release|Any CPU.ActiveCfg = Release|Any CPU
		{48A57154-4D26-2434-7D8F-215E0444230C}.Release|Any CPU.Build.0 = Release|Any CPU
	EndGlobalSection
	GlobalSection(SolutionProperties) = preSolution
		HideSolutionNode = FALSE
	EndGlobalSection
	GlobalSection(MonoDevelopProperties) = preSolution
		StartupItem = Assembly-CSharp.csproj
	EndGlobalSection
EndGlobal
